{
  "requires": true,
  "lockfileVersion": 1,
  "dependencies": {
    "classlist.js": {
      "version": "1.1.20150312",
      "resolved": "https://registry.npmjs.org/classlist.js/-/classlist.js-1.1.20150312.tgz",
      "integrity": "sha1-HXCEL3Ai8I2awIbOaeWyUPLFd4k="
    },
    "intl": {
      "version": "1.2.5",
      "resolved": "https://registry.npmjs.org/intl/-/intl-1.2.5.tgz",
      "integrity": "sha1-giRKIZDE5Bn4Nx9ao02qNCDiq94="
    },
    "web-animations-js": {
      "version": "2.3.1",
      "resolved": "https://registry.npmjs.org/web-animations-js/-/web-animations-js-2.3.1.tgz",
      "integrity": "sha1-Om2bwVGWN3qQ+OKAP6UmIWWwRRA="
    }
  }
}
